
Microsoft Visual Studio Solution File, Format Version 12.00
# Visual Studio Version 17
VisualStudioVersion = 17.11.35312.102
MinimumVisualStudioVersion = 10.0.40219.1
Project("{8BC9CEB8-8B4A-11D0-8D11-00A0C91BC942}") = "Project3", "Project3.vcxproj", "{FBDB0BC0-613D-44F3-9849-AEBDBC3BFD62}"
EndProject
Global
	GlobalSection(SolutionConfigurationPlatforms) = preSolution
		Debug|x64 = Debug|x64
		Debug|x86 = Debug|x86
		Release|x64 = Release|x64
		Release|x86 = Release|x86
	EndGlobalSection
	GlobalSection(ProjectConfigurationPlatforms) = postSolution
		{FBDB0BC0-613D-44F3-9849-AEBDBC3BFD62}.Debug|x64.ActiveCfg = Debug|x64
		{FBDB0BC0-613D-44F3-9849-AEBDBC3BFD62}.Debug|x64.Build.0 = Debug|x64
		{FBDB0BC0-613D-44F3-9849-AEBDBC3BFD62}.Debug|x86.ActiveCfg = Debug|Win32
		{FBDB0BC0-613D-44F3-9849-AEBDBC3BFD62}.Debug|x86.Build.0 = Debug|Win32
		{FBDB0BC0-613D-44F3-9849-AEBDBC3BFD62}.Release|x64.ActiveCfg = Release|x64
		{FBDB0BC0-613D-44F3-9849-AEBDBC3BFD62}.Release|x64.Build.0 = Release|x64
		{FBDB0BC0-613D-44F3-9849-AEBDBC3BFD62}.Release|x86.ActiveCfg = Release|Win32
		{FBDB0BC0-613D-44F3-9849-AEBDBC3BFD62}.Release|x86.Build.0 = Release|Win32
	EndGlobalSection
	GlobalSection(SolutionProperties) = preSolution
		HideSolutionNode = FALSE
	EndGlobalSection
	GlobalSection(ExtensibilityGlobals) = postSolution
		SolutionGuid = {1E45861D-BE7E-4556-850E-9C2566251C3D}
	EndGlobalSection
EndGlobal
